
Microsoft Visual Studio Solution File, Format Version 12.00
# Visual Studio Version 17
VisualStudioVersion = 17.8.34316.72
MinimumVisualStudioVersion = 10.0.40219.1
Project("{FAE04EC0-301F-11D3-BF4B-00C04F79EFBC}") = "pr_obiektowe_4bt", "pr_obiektowe_4bt\pr_obiektowe_4bt.csproj", "{4F6BE2E7-02CB-4CEE-AE58-26E903F63115}"
EndProject
Global
	GlobalSection(SolutionConfigurationPlatforms) = preSolution
		Debug|Any CPU = Debug|Any CPU
		Release|Any CPU = Release|Any CPU
	EndGlobalSection
	GlobalSection(ProjectConfigurationPlatforms) = postSolution
		{4F6BE2E7-02CB-4CEE-AE58-26E903F63115}.Debug|Any CPU.ActiveCfg = Debug|Any CPU
		{4F6BE2E7-02CB-4CEE-AE58-26E903F63115}.Debug|Any CPU.Build.0 = Debug|Any CPU
		{4F6BE2E7-02CB-4CEE-AE58-26E903F63115}.Release|Any CPU.ActiveCfg = Release|Any CPU
		{4F6BE2E7-02CB-4CEE-AE58-26E903F63115}.Release|Any CPU.Build.0 = Release|Any CPU
	EndGlobalSection
	GlobalSection(SolutionProperties) = preSolution
		HideSolutionNode = FALSE
	EndGlobalSection
	GlobalSection(ExtensibilityGlobals) = postSolution
		SolutionGuid = {5BD7933D-B609-493C-839A-ABFE23E9A324}
	EndGlobalSection
EndGlobal
